// !$*UTF8*$!
{
	archiveVersion = 1;
	classes = {
	};
	objectVersion = 51;
	objects = {

/* Begin PBXBuildFile section */
		333054D82547C9020049D242 /* CharacterCell.swift in Sources */ = {isa = PBXBuildFile; fileRef = 333054D72547C9020049D242 /* CharacterCell.swift */; };
		333054DA2547C91C0049D242 /* CharactersViewController.swift in Sources */ = {isa = PBXBuildFile; fileRef = 333054D92547C91C0049D242 /* CharactersViewController.swift */; };
		333054DC2547CE610049D242 /* EventBuss.swift in Sources */ = {isa = PBXBuildFile; fileRef = 333054DB2547CE610049D242 /* EventBuss.swift */; };
		333054DE2547CF0C0049D242 /* UIView_extension.swift in Sources */ = {isa = PBXBuildFile; fileRef = 333054DD2547CF0C0049D242 /* UIView_extension.swift */; };
		333054E12547D0400049D242 /* CharacterData.swift in Sources */ = {isa = PBXBuildFile; fileRef = 333054E02547D0400049D242 /* CharacterData.swift */; };
		333054E32547D50A0049D242 /* ManagerConnection.swift in Sources */ = {isa = PBXBuildFile; fileRef = 333054E22547D50A0049D242 /* ManagerConnection.swift */; };
		333054E62547D5C10049D242 /* Constants.swift in Sources */ = {isa = PBXBuildFile; fileRef = 333054E52547D5C10049D242 /* Constants.swift */; };
		339D9C162547908C0088E8CD /* AppDelegate.swift in Sources */ = {isa = PBXBuildFile; fileRef = 339D9C152547908C0088E8CD /* AppDelegate.swift */; };
		339D9C1A2547908C0088E8CD /* ViewController.swift in Sources */ = {isa = PBXBuildFile; fileRef = 339D9C192547908C0088E8CD /* ViewController.swift */; };
		339D9C1D2547908C0088E8CD /* Main.storyboard in Resources */ = {isa = PBXBuildFile; fileRef = 339D9C1B2547908C0088E8CD /* Main.storyboard */; };
		339D9C1F254790900088E8CD /* Assets.xcassets in Resources */ = {isa = PBXBuildFile; fileRef = 339D9C1E254790900088E8CD /* Assets.xcassets */; };
		339D9C22254790900088E8CD /* LaunchScreen.storyboard in Resources */ = {isa = PBXBuildFile; fileRef = 339D9C20254790900088E8CD /* LaunchScreen.storyboard */; };
		339D9C2D25479D860088E8CD /* ProgressHUB.swift in Sources */ = {isa = PBXBuildFile; fileRef = 339D9C2C25479D860088E8CD /* ProgressHUB.swift */; };
		339D9C3025479E130088E8CD /* UIColor_extension.swift in Sources */ = {isa = PBXBuildFile; fileRef = 339D9C2F25479E130088E8CD /* UIColor_extension.swift */; };
		339D9C3225479FE10088E8CD /* GoogleService-Info.plist in Resources */ = {isa = PBXBuildFile; fileRef = 339D9C3125479FE10088E8CD /* GoogleService-Info.plist */; };
		612B4A486D69B17F7456F1DD /* Pods_MarvelApp.framework in Frameworks */ = {isa = PBXBuildFile; fileRef = 0DF3FD0E436DF332E098B9B9 /* Pods_MarvelApp.framework */; };
/* End PBXBuildFile section */

/* Begin PBXFileReference section */
		0DF3FD0E436DF332E098B9B9 /* Pods_MarvelApp.framework */ = {isa = PBXFileReference; explicitFileType = wrapper.framework; includeInIndex = 0; path = Pods_MarvelApp.framework; sourceTree = BUILT_PRODUCTS_DIR; };
		333054D72547C9020049D242 /* CharacterCell.swift */ = {isa = PBXFileReference; lastKnownFileType = sourcecode.swift; path = CharacterCell.swift; sourceTree = "<group>"; };
		333054D92547C91C0049D242 /* CharactersViewController.swift */ = {isa = PBXFileReference; lastKnownFileType = sourcecode.swift; path = CharactersViewController.swift; sourceTree = "<group>"; };
		333054DB2547CE610049D242 /* EventBuss.swift */ = {isa = PBXFileReference; lastKnownFileType = sourcecode.swift; path = EventBuss.swift; sourceTree = "<group>"; };
		333054DD2547CF0C0049D242 /* UIView_extension.swift */ = {isa = PBXFileReference; lastKnownFileType = sourcecode.swift; path = UIView_extension.swift; sourceTree = "<group>"; };
		333054E02547D0400049D242 /* CharacterData.swift */ = {isa = PBXFileReference; lastKnownFileType = sourcecode.swift; path = CharacterData.swift; sourceTree = "<group>"; };
		333054E22547D50A0049D242 /* ManagerConnection.swift */ = {isa = PBXFileReference; lastKnownFileType = sourcecode.swift; path = ManagerConnection.swift; sourceTree = "<group>"; };
		333054E52547D5C10049D242 /* Constants.swift */ = {isa = PBXFileReference; lastKnownFileType = sourcecode.swift; path = Constants.swift; sourceTree = "<group>"; };
		339D9C122547908C0088E8CD /* MarvelApp.app */ = {isa = PBXFileReference; explicitFileType = wrapper.application; includeInIndex = 0; path = MarvelApp.app; sourceTree = BUILT_PRODUCTS_DIR; };
		339D9C152547908C0088E8CD /* AppDelegate.swift */ = {isa = PBXFileReference; lastKnownFileType = sourcecode.swift; path = AppDelegate.swift; sourceTree = "<group>"; };
		339D9C192547908C0088E8CD /* ViewController.swift */ = {isa = PBXFileReference; lastKnownFileType = sourcecode.swift; path = ViewController.swift; sourceTree = "<group>"; };
		339D9C1C2547908C0088E8CD /* Base */ = {isa = PBXFileReference; lastKnownFileType = file.storyboard; name = Base; path = Base.lproj/Main.storyboard; sourceTree = "<group>"; };
		339D9C1E254790900088E8CD /* Assets.xcassets */ = {isa = PBXFileReference; lastKnownFileType = folder.assetcatalog; path = Assets.xcassets; sourceTree = "<group>"; };
		339D9C21254790900088E8CD /* Base */ = {isa = PBXFileReference; lastKnownFileType = file.storyboard; name = Base; path = Base.lproj/LaunchScreen.storyboard; sourceTree = "<group>"; };
		339D9C23254790900088E8CD /* Info.plist */ = {isa = PBXFileReference; lastKnownFileType = text.plist.xml; path = Info.plist; sourceTree = "<group>"; };
		339D9C2C25479D860088E8CD /* ProgressHUB.swift */ = {isa = PBXFileReference; lastKnownFileType = sourcecode.swift; path = ProgressHUB.swift; sourceTree = "<group>"; };
		339D9C2F25479E130088E8CD /* UIColor_extension.swift */ = {isa = PBXFileReference; lastKnownFileType = sourcecode.swift; path = UIColor_extension.swift; sourceTree = "<group>"; };
		339D9C3125479FE10088E8CD /* GoogleService-Info.plist */ = {isa = PBXFileReference; fileEncoding = 4; lastKnownFileType = text.plist.xml; path = "GoogleService-Info.plist"; sourceTree = "<group>"; };
		457C2D2471C025BF53A8B80F /* Pods-MarvelApp.debug.xcconfig */ = {isa = PBXFileReference; includeInIndex = 1; lastKnownFileType = text.xcconfig; name = "Pods-MarvelApp.debug.xcconfig"; path = "Target Support Files/Pods-MarvelApp/Pods-MarvelApp.debug.xcconfig"; sourceTree = "<group>"; };
		7EB6542C0F4BB8119B5D1738 /* Pods-MarvelApp.release.xcconfig */ = {isa = PBXFileReference; includeInIndex = 1; lastKnownFileType = text.xcconfig; name = "Pods-MarvelApp.release.xcconfig"; path = "Target Support Files/Pods-MarvelApp/Pods-MarvelApp.release.xcconfig"; sourceTree = "<group>"; };
/* End PBXFileReference section */

/* Begin PBXFrameworksBuildPhase section */
		339D9C0F2547908C0088E8CD /* Frameworks */ = {
			isa = PBXFrameworksBuildPhase;
			buildActionMask = 2147483647;
			files = (
				612B4A486D69B17F7456F1DD /* Pods_MarvelApp.framework in Frameworks */,
			);
			runOnlyForDeploymentPostprocessing = 0;
		};
/* End PBXFrameworksBuildPhase section */

/* Begin PBXGroup section */
		333054D62547C8CB0049D242 /* Characters */ = {
			isa = PBXGroup;
			children = (
				333054D72547C9020049D242 /* CharacterCell.swift */,
				333054D92547C91C0049D242 /* CharactersViewController.swift */,
			);
			path = Characters;
			sourceTree = "<group>";
		};
		333054DF2547D0270049D242 /* Model */ = {
			isa = PBXGroup;
			children = (
				333054E02547D0400049D242 /* CharacterData.swift */,
			);
			path = Model;
			sourceTree = "<group>";
		};
		3358A6B22548C58700370668 /* Services */ = {
			isa = PBXGroup;
			children = (
				333054E22547D50A0049D242 /* ManagerConnection.swift */,
			);
			path = Services;
			sourceTree = "<group>";
		};
		339D9C092547908C0088E8CD = {
			isa = PBXGroup;
			children = (
				339D9C142547908C0088E8CD /* MarvelApp */,
				339D9C132547908C0088E8CD /* Products */,
				FA41638FB53C8D597434533B /* Pods */,
				3EA5B6F4FCA7F3E717FAEBBF /* Frameworks */,
			);
			sourceTree = "<group>";
		};
		339D9C132547908C0088E8CD /* Products */ = {
			isa = PBXGroup;
			children = (
				339D9C122547908C0088E8CD /* MarvelApp.app */,
			);
			name = Products;
			sourceTree = "<group>";
		};
		339D9C142547908C0088E8CD /* MarvelApp */ = {
			isa = PBXGroup;
			children = (
				333054DF2547D0270049D242 /* Model */,
				339D9C2B25479D570088E8CD /* Utils */,
				339D9C152547908C0088E8CD /* AppDelegate.swift */,
				333054D62547C8CB0049D242 /* Characters */,
				339D9C192547908C0088E8CD /* ViewController.swift */,
				339D9C1B2547908C0088E8CD /* Main.storyboard */,
				339D9C1E254790900088E8CD /* Assets.xcassets */,
				339D9C20254790900088E8CD /* LaunchScreen.storyboard */,
				339D9C3125479FE10088E8CD /* GoogleService-Info.plist */,
				339D9C23254790900088E8CD /* Info.plist */,
			);
			path = MarvelApp;
			sourceTree = "<group>";
		};
		339D9C2B25479D570088E8CD /* Utils */ = {
			isa = PBXGroup;
			children = (
				3358A6B22548C58700370668 /* Services */,
				339D9C2E25479DEF0088E8CD /* Extensions */,
				339D9C2C25479D860088E8CD /* ProgressHUB.swift */,
				333054DB2547CE610049D242 /* EventBuss.swift */,
				333054E52547D5C10049D242 /* Constants.swift */,
			);
			path = Utils;
			sourceTree = "<group>";
		};
		339D9C2E25479DEF0088E8CD /* Extensions */ = {
			isa = PBXGroup;
			children = (
				339D9C2F25479E130088E8CD /* UIColor_extension.swift */,
				333054DD2547CF0C0049D242 /* UIView_extension.swift */,
			);
			path = Extensions;
			sourceTree = "<group>";
		};
		3EA5B6F4FCA7F3E717FAEBBF /* Frameworks */ = {
			isa = PBXGroup;
			children = (
				0DF3FD0E436DF332E098B9B9 /* Pods_MarvelApp.framework */,
			);
			name = Frameworks;
			sourceTree = "<group>";
		};
		FA41638FB53C8D597434533B /* Pods */ = {
			isa = PBXGroup;
			children = (
				457C2D2471C025BF53A8B80F /* Pods-MarvelApp.debug.xcconfig */,
				7EB6542C0F4BB8119B5D1738 /* Pods-MarvelApp.release.xcconfig */,
			);
			path = Pods;
			sourceTree = "<group>";
		};
/* End PBXGroup section */

/* Begin PBXNativeTarget section */
		339D9C112547908C0088E8CD /* MarvelApp */ = {
			isa = PBXNativeTarget;
			buildConfigurationList = 339D9C26254790900088E8CD /* Build configuration list for PBXNativeTarget "MarvelApp" */;
			buildPhases = (
				3165F1EE238DCE4879B75B03 /* [CP] Check Pods Manifest.lock */,
				339D9C0E2547908C0088E8CD /* Sources */,
				339D9C0F2547908C0088E8CD /* Frameworks */,
				339D9C102547908C0088E8CD /* Resources */,
				5A264011F8BB524CD2ABB997 /* [CP] Embed Pods Frameworks */,
				E378A3BF820062483B154BDB /* [CP] Copy Pods Resources */,
			);
			buildRules = (
			);
			dependencies = (
			);
			name = MarvelApp;
			productName = MarvelApp;
			productReference = 339D9C122547908C0088E8CD /* MarvelApp.app */;
			productType = "com.apple.product-type.application";
		};
/* End PBXNativeTarget section */

/* Begin PBXProject section */
		339D9C0A2547908C0088E8CD /* Project object */ = {
			isa = PBXProject;
			attributes = {
				LastSwiftUpdateCheck = 1160;
				LastUpgradeCheck = 1160;
				ORGANIZATIONNAME = "Maximiliano Ibalborde";
				TargetAttributes = {
					339D9C112547908C0088E8CD = {
						CreatedOnToolsVersion = 11.6;
					};
				};
			};
			buildConfigurationList = 339D9C0D2547908C0088E8CD /* Build configuration list for PBXProject "MarvelApp" */;
			compatibilityVersion = "Xcode 9.3";
			developmentRegion = en;
			hasScannedForEncodings = 0;
			knownRegions = (
				en,
				Base,
			);
			mainGroup = 339D9C092547908C0088E8CD;
			productRefGroup = 339D9C132547908C0088E8CD /* Products */;
			projectDirPath = "";
			projectRoot = "";
			targets = (
				339D9C112547908C0088E8CD /* MarvelApp */,
			);
		};
/* End PBXProject section */

/* Begin PBXResourcesBuildPhase section */
		339D9C102547908C0088E8CD /* Resources */ = {
			isa = PBXResourcesBuildPhase;
			buildActionMask = 2147483647;
			files = (
				339D9C22254790900088E8CD /* LaunchScreen.storyboard in Resources */,
				339D9C3225479FE10088E8CD /* GoogleService-Info.plist in Resources */,
				339D9C1F254790900088E8CD /* Assets.xcassets in Resources */,
				339D9C1D2547908C0088E8CD /* Main.storyboard in Resources */,
			);
			runOnlyForDeploymentPostprocessing = 0;
		};
/* End PBXResourcesBuildPhase section */

/* Begin PBXShellScriptBuildPhase section */
		3165F1EE238DCE4879B75B03 /* [CP] Check Pods Manifest.lock */ = {
			isa = PBXShellScriptBuildPhase;
			buildActionMask = 2147483647;
			files = (
			);
			inputFileListPaths = (
			);
			inputPaths = (
				"${PODS_PODFILE_DIR_PATH}/Podfile.lock",
				"${PODS_ROOT}/Manifest.lock",
			);
			name = "[CP] Check Pods Manifest.lock";
			outputFileListPaths = (
			);
			outputPaths = (
				"$(DERIVED_FILE_DIR)/Pods-MarvelApp-checkManifestLockResult.txt",
			);
			runOnlyForDeploymentPostprocessing = 0;
			shellPath = /bin/sh;
			shellScript = "diff \"${PODS_PODFILE_DIR_PATH}/Podfile.lock\" \"${PODS_ROOT}/Manifest.lock\" > /dev/null\nif [ $? != 0 ] ; then\n    # print error to STDERR\n    echo \"error: The sandbox is not in sync with the Podfile.lock. Run 'pod install' or update your CocoaPods installation.\" >&2\n    exit 1\nfi\n# This output is used by Xcode 'outputs' to avoid re-running this script phase.\necho \"SUCCESS\" > \"${SCRIPT_OUTPUT_FILE_0}\"\n";
			showEnvVarsInLog = 0;
		};
		5A264011F8BB524CD2ABB997 /* [CP] Embed Pods Frameworks */ = {
			isa = PBXShellScriptBuildPhase;
			buildActionMask = 2147483647;
			files = (
			);
			inputFileListPaths = (
				"${PODS_ROOT}/Target Support Files/Pods-MarvelApp/Pods-MarvelApp-frameworks-${CONFIGURATION}-input-files.xcfilelist",
			);
			name = "[CP] Embed Pods Frameworks";
			outputFileListPaths = (
				"${PODS_ROOT}/Target Support Files/Pods-MarvelApp/Pods-MarvelApp-frameworks-${CONFIGURATION}-output-files.xcfilelist",
			);
			runOnlyForDeploymentPostprocessing = 0;
			shellPath = /bin/sh;
			shellScript = "\"${PODS_ROOT}/Target Support Files/Pods-MarvelApp/Pods-MarvelApp-frameworks.sh\"\n";
			showEnvVarsInLog = 0;
		};
		E378A3BF820062483B154BDB /* [CP] Copy Pods Resources */ = {
			isa = PBXShellScriptBuildPhase;
			buildActionMask = 2147483647;
			files = (
			);
			inputFileListPaths = (
				"${PODS_ROOT}/Target Support Files/Pods-MarvelApp/Pods-MarvelApp-resources-${CONFIGURATION}-input-files.xcfilelist",
			);
			name = "[CP] Copy Pods Resources";
			outputFileListPaths = (
				"${PODS_ROOT}/Target Support Files/Pods-MarvelApp/Pods-MarvelApp-resources-${CONFIGURATION}-output-files.xcfilelist",
			);
			runOnlyForDeploymentPostprocessing = 0;
			shellPath = /bin/sh;
			shellScript = "\"${PODS_ROOT}/Target Support Files/Pods-MarvelApp/Pods-MarvelApp-resources.sh\"\n";
			showEnvVarsInLog = 0;
		};
/* End PBXShellScriptBuildPhase section */

/* Begin PBXSourcesBuildPhase section */
		339D9C0E2547908C0088E8CD /* Sources */ = {
			isa = PBXSourcesBuildPhase;
			buildActionMask = 2147483647;
			files = (
				333054E12547D0400049D242 /* CharacterData.swift in Sources */,
				333054E62547D5C10049D242 /* Constants.swift in Sources */,
				333054D82547C9020049D242 /* CharacterCell.swift in Sources */,
				339D9C2D25479D860088E8CD /* ProgressHUB.swift in Sources */,
				333054DA2547C91C0049D242 /* CharactersViewController.swift in Sources */,
				339D9C1A2547908C0088E8CD /* ViewController.swift in Sources */,
				339D9C3025479E130088E8CD /* UIColor_extension.swift in Sources */,
				333054DC2547CE610049D242 /* EventBuss.swift in Sources */,
				333054DE2547CF0C0049D242 /* UIView_extension.swift in Sources */,
				333054E32547D50A0049D242 /* ManagerConnection.swift in Sources */,
				339D9C162547908C0088E8CD /* AppDelegate.swift in Sources */,
			);
			runOnlyForDeploymentPostprocessing = 0;
		};
/* End PBXSourcesBuildPhase section */

/* Begin PBXVariantGroup section */
		339D9C1B2547908C0088E8CD /* Main.storyboard */ = {
			isa = PBXVariantGroup;
			children = (
				339D9C1C2547908C0088E8CD /* Base */,
			);
			name = Main.storyboard;
			sourceTree = "<group>";
		};
		339D9C20254790900088E8CD /* LaunchScreen.storyboard */ = {
			isa = PBXVariantGroup;
			children = (
				339D9C21254790900088E8CD /* Base */,
			);
			name = LaunchScreen.storyboard;
			sourceTree = "<group>";
		};
/* End PBXVariantGroup section */

/* Begin XCBuildConfiguration section */
		339D9C24254790900088E8CD /* Debug */ = {
			isa = XCBuildConfiguration;
			buildSettings = {
				ALWAYS_SEARCH_USER_PATHS = NO;
				CLANG_ANALYZER_NONNULL = YES;
				CLANG_ANALYZER_NUMBER_OBJECT_CONVERSION = YES_AGGRESSIVE;
				CLANG_CXX_LANGUAGE_STANDARD = "gnu++14";
				CLANG_CXX_LIBRARY = "libc++";
				CLANG_ENABLE_MODULES = YES;
				CLANG_ENABLE_OBJC_ARC = YES;
				CLANG_ENABLE_OBJC_WEAK = YES;
				CLANG_WARN_BLOCK_CAPTURE_AUTORELEASING = YES;
				CLANG_WARN_BOOL_CONVERSION = YES;
				CLANG_WARN_COMMA = YES;
				CLANG_WARN_CONSTANT_CONVERSION = YES;
				CLANG_WARN_DEPRECATED_OBJC_IMPLEMENTATIONS = YES;
				CLANG_WARN_DIRECT_OBJC_ISA_USAGE = YES_ERROR;
				CLANG_WARN_DOCUMENTATION_COMMENTS = YES;
				CLANG_WARN_EMPTY_BODY = YES;
				CLANG_WARN_ENUM_CONVERSION = YES;
				CLANG_WARN_INFINITE_RECURSION = YES;
				CLANG_WARN_INT_CONVERSION = YES;
				CLANG_WARN_NON_LITERAL_NULL_CONVERSION = YES;
				CLANG_WARN_OBJC_IMPLICIT_RETAIN_SELF = YES;
				CLANG_WARN_OBJC_LITERAL_CONVERSION = YES;
				CLANG_WARN_OBJC_ROOT_CLASS = YES_ERROR;
				CLANG_WARN_RANGE_LOOP_ANALYSIS = YES;
				CLANG_WARN_STRICT_PROTOTYPES = YES;
				CLANG_WARN_SUSPICIOUS_MOVE = YES;
				CLANG_WARN_UNGUARDED_AVAILABILITY = YES_AGGRESSIVE;
				CLANG_WARN_UNREACHABLE_CODE = YES;
				CLANG_WARN__DUPLICATE_METHOD_MATCH = YES;
				COPY_PHASE_STRIP = NO;
				DEBUG_INFORMATION_FORMAT = dwarf;
				ENABLE_STRICT_OBJC_MSGSEND = YES;
				ENABLE_TESTABILITY = YES;
				GCC_C_LANGUAGE_STANDARD = gnu11;
				GCC_DYNAMIC_NO_PIC = NO;
				GCC_NO_COMMON_BLOCKS = YES;
				GCC_OPTIMIZATION_LEVEL = 0;
				GCC_PREPROCESSOR_DEFINITIONS = (
					"DEBUG=1",
					"$(inherited)",
				);
				GCC_WARN_64_TO_32_BIT_CONVERSION = YES;
				GCC_WARN_ABOUT_RETURN_TYPE = YES_ERROR;
				GCC_WARN_UNDECLARED_SELECTOR = YES;
				GCC_WARN_UNINITIALIZED_AUTOS = YES_AGGRESSIVE;
				GCC_WARN_UNUSED_FUNCTION = YES;
				GCC_WARN_UNUSED_VARIABLE = YES;
				IPHONEOS_DEPLOYMENT_TARGET = 13.6;
				MTL_ENABLE_DEBUG_INFO = INCLUDE_SOURCE;
				MTL_FAST_MATH = YES;
				ONLY_ACTIVE_ARCH = YES;
				SDKROOT = iphoneos;
				SWIFT_ACTIVE_COMPILATION_CONDITIONS = DEBUG;
				SWIFT_OPTIMIZATION_LEVEL = "-Onone";
			};
			name = Debug;
		};
		339D9C25254790900088E8CD /* Release */ = {
			isa = XCBuildConfiguration;
			buildSettings = {
				ALWAYS_SEARCH_USER_PATHS = NO;
				CLANG_ANALYZER_NONNULL = YES;
				CLANG_ANALYZER_NUMBER_OBJECT_CONVERSION = YES_AGGRESSIVE;
				CLANG_CXX_LANGUAGE_STANDARD = "gnu++14";
				CLANG_CXX_LIBRARY = "libc++";
				CLANG_ENABLE_MODULES = YES;
				CLANG_ENABLE_OBJC_ARC = YES;
				CLANG_ENABLE_OBJC_WEAK = YES;
				CLANG_WARN_BLOCK_CAPTURE_AUTORELEASING = YES;
				CLANG_WARN_BOOL_CONVERSION = YES;
				CLANG_WARN_COMMA = YES;
				CLANG_WARN_CONSTANT_CONVERSION = YES;
				CLANG_WARN_DEPRECATED_OBJC_IMPLEMENTATIONS = YES;
				CLANG_WARN_DIRECT_OBJC_ISA_USAGE = YES_ERROR;
				CLANG_WARN_DOCUMENTATION_COMMENTS = YES;
				CLANG_WARN_EMPTY_BODY = YES;
				CLANG_WARN_ENUM_CONVERSION = YES;
				CLANG_WARN_INFINITE_RECURSION = YES;
				CLANG_WARN_INT_CONVERSION = YES;
				CLANG_WARN_NON_LITERAL_NULL_CONVERSION = YES;
				CLANG_WARN_OBJC_IMPLICIT_RETAIN_SELF = YES;
				CLANG_WARN_OBJC_LITERAL_CONVERSION = YES;
				CLANG_WARN_OBJC_ROOT_CLASS = YES_ERROR;
				CLANG_WARN_RANGE_LOOP_ANALYSIS = YES;
				CLANG_WARN_STRICT_PROTOTYPES = YES;
				CLANG_WARN_SUSPICIOUS_MOVE = YES;
				CLANG_WARN_UNGUARDED_AVAILABILITY = YES_AGGRESSIVE;
				CLANG_WARN_UNREACHABLE_CODE = YES;
				CLANG_WARN__DUPLICATE_METHOD_MATCH = YES;
				COPY_PHASE_STRIP = NO;
				DEBUG_INFORMATION_FORMAT = "dwarf-with-dsym";
				ENABLE_NS_ASSERTIONS = NO;
				ENABLE_STRICT_OBJC_MSGSEND = YES;
				GCC_C_LANGUAGE_STANDARD = gnu11;
				GCC_NO_COMMON_BLOCKS = YES;
				GCC_WARN_64_TO_32_BIT_CONVERSION = YES;
				GCC_WARN_ABOUT_RETURN_TYPE = YES_ERROR;
				GCC_WARN_UNDECLARED_SELECTOR = YES;
				GCC_WARN_UNINITIALIZED_AUTOS = YES_AGGRESSIVE;
				GCC_WARN_UNUSED_FUNCTION = YES;
				GCC_WARN_UNUSED_VARIABLE = YES;
				IPHONEOS_DEPLOYMENT_TARGET = 13.6;
				MTL_ENABLE_DEBUG_INFO = NO;
				MTL_FAST_MATH = YES;
				SDKROOT = iphoneos;
				SWIFT_COMPILATION_MODE = wholemodule;
				SWIFT_OPTIMIZATION_LEVEL = "-O";
				VALIDATE_PRODUCT = YES;
			};
			name = Release;
		};
		339D9C27254790900088E8CD /* Debug */ = {
			isa = XCBuildConfiguration;
			baseConfigurationReference = 457C2D2471C025BF53A8B80F /* Pods-MarvelApp.debug.xcconfig */;
			buildSettings = {
				ASSETCATALOG_COMPILER_APPICON_NAME = AppIcon;
				CODE_SIGN_STYLE = Automatic;
				DEVELOPMENT_TEAM = 962D84PA97;
				INFOPLIST_FILE = MarvelApp/Info.plist;
				IPHONEOS_DEPLOYMENT_TARGET = 11.0;
				LD_RUNPATH_SEARCH_PATHS = (
					"$(inherited)",
					"@executable_path/Frameworks",
				);
				PRODUCT_BUNDLE_IDENTIFIER = ar.com.MaximilianoIbalborde.MarvelApp;
				PRODUCT_NAME = "$(TARGET_NAME)";
				SWIFT_VERSION = 5.0;
				TARGETED_DEVICE_FAMILY = 1;
			};
			name = Debug;
		};
		339D9C28254790900088E8CD /* Release */ = {
			isa = XCBuildConfiguration;
			baseConfigurationReference = 7EB6542C0F4BB8119B5D1738 /* Pods-MarvelApp.release.xcconfig */;
			buildSettings = {
				ASSETCATALOG_COMPILER_APPICON_NAME = AppIcon;
				CODE_SIGN_STYLE = Automatic;
				DEVELOPMENT_TEAM = 962D84PA97;
				INFOPLIST_FILE = MarvelApp/Info.plist;
				IPHONEOS_DEPLOYMENT_TARGET = 11.0;
				LD_RUNPATH_SEARCH_PATHS = (
					"$(inherited)",
					"@executable_path/Frameworks",
				);
				PRODUCT_BUNDLE_IDENTIFIER = ar.com.MaximilianoIbalborde.MarvelApp;
				PRODUCT_NAME = "$(TARGET_NAME)";
				SWIFT_VERSION = 5.0;
				TARGETED_DEVICE_FAMILY = 1;
			};
			name = Release;
		};
/* End XCBuildConfiguration section */

/* Begin XCConfigurationList section */
		339D9C0D2547908C0088E8CD /* Build configuration list for PBXProject "MarvelApp" */ = {
			isa = XCConfigurationList;
			buildConfigurations = (
				339D9C24254790900088E8CD /* Debug */,
				339D9C25254790900088E8CD /* Release */,
			);
			defaultConfigurationIsVisible = 0;
			defaultConfigurationName = Release;
		};
		339D9C26254790900088E8CD /* Build configuration list for PBXNativeTarget "MarvelApp" */ = {
			isa = XCConfigurationList;
			buildConfigurations = (
				339D9C27254790900088E8CD /* Debug */,
				339D9C28254790900088E8CD /* Release */,
			);
			defaultConfigurationIsVisible = 0;
			defaultConfigurationName = Release;
		};
/* End XCConfigurationList section */
	};
	rootObject = 339D9C0A2547908C0088E8CD /* Project object */;
}
